
Microsoft Visual Studio Solution File, Format Version 12.00
# Visual Studio Version 17
VisualStudioVersion = 17.4.33110.190
MinimumVisualStudioVersion = 10.0.40219.1
Project("{9A19103F-16F7-4668-BE54-9A1E7A4F7556}") = "Application", "WiseConsulting\src\Application\Application.csproj", "{6E92D22B-360A-417B-B938-6D6B2D87566E}"
EndProject
Project("{9A19103F-16F7-4668-BE54-9A1E7A4F7556}") = "Domain", "WiseConsulting\src\Domain\Domain.csproj", "{22B96EE9-1D05-4112-8DA0-ED722772DFBC}"
EndProject
Project("{9A19103F-16F7-4668-BE54-9A1E7A4F7556}") = "Infrastructure", "WiseConsulting\src\Infrastructure\Infrastructure.csproj", "{10E38969-8A82-4FF7-9E21-512B720516A6}"
EndProject
Project("{9A19103F-16F7-4668-BE54-9A1E7A4F7556}") = "Application.IntegrationTests", "WiseConsulting\tests\Application.IntegrationTests\Application.IntegrationTests.csproj", "{47728FE1-727D-44A8-A6EF-5749C5CD013C}"
EndProject
Project("{9A19103F-16F7-4668-BE54-9A1E7A4F7556}") = "Application.UnitTests", "WiseConsulting\tests\Application.UnitTests\Application.UnitTests.csproj", "{591E086A-6A2E-4A64-AECA-AB31A0B7BE00}"
EndProject
Project("{9A19103F-16F7-4668-BE54-9A1E7A4F7556}") = "Domain.UnitTests", "WiseConsulting\tests\Domain.UnitTests\Domain.UnitTests.csproj", "{A2102665-A904-4C51-9EF5-1BA817542846}"
EndProject
Project("{9A19103F-16F7-4668-BE54-9A1E7A4F7556}") = "WebUI.AcceptanceTests", "WiseConsulting\tests\WebUI.AcceptanceTests\WebUI.AcceptanceTests.csproj", "{EDA750DA-47CF-45B8-A8D8-BCA6A2FA3445}"
EndProject
Project("{2150E333-8FDC-42A3-9474-1A3956D46DE8}") = "tests", "tests", "{6560D5DC-B2C1-4D83-B199-47DA186E4FC5}"
EndProject
Project("{9A19103F-16F7-4668-BE54-9A1E7A4F7556}") = "WebUI_Angular", "WiseConsulting\src\WebUI_Angular\WebUI_Angular.csproj", "{ACF592B0-333E-4D7E-96BE-C4C2568A7E1A}"
EndProject
Global
	GlobalSection(SolutionConfigurationPlatforms) = preSolution
		Debug|Any CPU = Debug|Any CPU
		Release|Any CPU = Release|Any CPU
	EndGlobalSection
	GlobalSection(ProjectConfigurationPlatforms) = postSolution
		{6E92D22B-360A-417B-B938-6D6B2D87566E}.Debug|Any CPU.ActiveCfg = Debug|Any CPU
		{6E92D22B-360A-417B-B938-6D6B2D87566E}.Debug|Any CPU.Build.0 = Debug|Any CPU
		{6E92D22B-360A-417B-B938-6D6B2D87566E}.Release|Any CPU.ActiveCfg = Release|Any CPU
		{6E92D22B-360A-417B-B938-6D6B2D87566E}.Release|Any CPU.Build.0 = Release|Any CPU
		{22B96EE9-1D05-4112-8DA0-ED722772DFBC}.Debug|Any CPU.ActiveCfg = Debug|Any CPU
		{22B96EE9-1D05-4112-8DA0-ED722772DFBC}.Debug|Any CPU.Build.0 = Debug|Any CPU
		{22B96EE9-1D05-4112-8DA0-ED722772DFBC}.Release|Any CPU.ActiveCfg = Release|Any CPU
		{22B96EE9-1D05-4112-8DA0-ED722772DFBC}.Release|Any CPU.Build.0 = Release|Any CPU
		{10E38969-8A82-4FF7-9E21-512B720516A6}.Debug|Any CPU.ActiveCfg = Debug|Any CPU
		{10E38969-8A82-4FF7-9E21-512B720516A6}.Debug|Any CPU.Build.0 = Debug|Any CPU
		{10E38969-8A82-4FF7-9E21-512B720516A6}.Release|Any CPU.ActiveCfg = Release|Any CPU
		{10E38969-8A82-4FF7-9E21-512B720516A6}.Release|Any CPU.Build.0 = Release|Any CPU
		{47728FE1-727D-44A8-A6EF-5749C5CD013C}.Debug|Any CPU.ActiveCfg = Debug|Any CPU
		{47728FE1-727D-44A8-A6EF-5749C5CD013C}.Debug|Any CPU.Build.0 = Debug|Any CPU
		{47728FE1-727D-44A8-A6EF-5749C5CD013C}.Release|Any CPU.ActiveCfg = Release|Any CPU
		{47728FE1-727D-44A8-A6EF-5749C5CD013C}.Release|Any CPU.Build.0 = Release|Any CPU
		{591E086A-6A2E-4A64-AECA-AB31A0B7BE00}.Debug|Any CPU.ActiveCfg = Debug|Any CPU
		{591E086A-6A2E-4A64-AECA-AB31A0B7BE00}.Debug|Any CPU.Build.0 = Debug|Any CPU
		{591E086A-6A2E-4A64-AECA-AB31A0B7BE00}.Release|Any CPU.ActiveCfg = Release|Any CPU
		{591E086A-6A2E-4A64-AECA-AB31A0B7BE00}.Release|Any CPU.Build.0 = Release|Any CPU
		{A2102665-A904-4C51-9EF5-1BA817542846}.Debug|Any CPU.ActiveCfg = Debug|Any CPU
		{A2102665-A904-4C51-9EF5-1BA817542846}.Debug|Any CPU.Build.0 = Debug|Any CPU
		{A2102665-A904-4C51-9EF5-1BA817542846}.Release|Any CPU.ActiveCfg = Release|Any CPU
		{A2102665-A904-4C51-9EF5-1BA817542846}.Release|Any CPU.Build.0 = Release|Any CPU
		{EDA750DA-47CF-45B8-A8D8-BCA6A2FA3445}.Debug|Any CPU.ActiveCfg = Debug|Any CPU
		{EDA750DA-47CF-45B8-A8D8-BCA6A2FA3445}.Debug|Any CPU.Build.0 = Debug|Any CPU
		{EDA750DA-47CF-45B8-A8D8-BCA6A2FA3445}.Release|Any CPU.ActiveCfg = Release|Any CPU
		{EDA750DA-47CF-45B8-A8D8-BCA6A2FA3445}.Release|Any CPU.Build.0 = Release|Any CPU
		{ACF592B0-333E-4D7E-96BE-C4C2568A7E1A}.Debug|Any CPU.ActiveCfg = Debug|Any CPU
		{ACF592B0-333E-4D7E-96BE-C4C2568A7E1A}.Debug|Any CPU.Build.0 = Debug|Any CPU
		{ACF592B0-333E-4D7E-96BE-C4C2568A7E1A}.Release|Any CPU.ActiveCfg = Release|Any CPU
		{ACF592B0-333E-4D7E-96BE-C4C2568A7E1A}.Release|Any CPU.Build.0 = Release|Any CPU
	EndGlobalSection
	GlobalSection(SolutionProperties) = preSolution
		HideSolutionNode = FALSE
	EndGlobalSection
	GlobalSection(NestedProjects) = preSolution
		{47728FE1-727D-44A8-A6EF-5749C5CD013C} = {6560D5DC-B2C1-4D83-B199-47DA186E4FC5}
		{591E086A-6A2E-4A64-AECA-AB31A0B7BE00} = {6560D5DC-B2C1-4D83-B199-47DA186E4FC5}
		{A2102665-A904-4C51-9EF5-1BA817542846} = {6560D5DC-B2C1-4D83-B199-47DA186E4FC5}
		{EDA750DA-47CF-45B8-A8D8-BCA6A2FA3445} = {6560D5DC-B2C1-4D83-B199-47DA186E4FC5}
	EndGlobalSection
	GlobalSection(ExtensibilityGlobals) = postSolution
		SolutionGuid = {65DB8D5A-4E18-4FC6-B794-D4348966FD20}
	EndGlobalSection
EndGlobal
